# This file is autogenerated, do not edit; changes may be undone by the next 'dep ensure'.


[[projects]]
  branch = "master"
  name = "github.com/cevaris/ordered_map"
  packages = ["."]
  revision = "01ce2b16ad4f7522692d9af8337722216a1038bb"

[[projects]]
  name = "github.com/davecgh/go-spew"
  packages = ["spew"]
  revision = "346938d642f2ec3594ed81d874461961cd0faa76"
  version = "v1.1.0"

[[projects]]
  name = "github.com/docktermj/go-logger"
  packages = ["logger"]
  revision = "453860557ae296be9661b3cf2f732e31e8fdea82"
  version = "1.0.4"

[[projects]]
  branch = "v2"
  name = "github.com/jnewmoyer/xmlpath"
  packages = ["."]
  revision = "3d44d72afb5ed8a748e25be32696454b4196a1d0"

[[projects]]
  name = "github.com/pmezard/go-difflib"
  packages = ["difflib"]
  revision = "792786c7400a136282c1664665ae0a8db921c6c2"
  version = "v1.0.0"

[[projects]]
  name = "github.com/stretchr/testify"
  packages = ["assert"]
  revision = "12b6f73e6084dad08a7c6e575284b177ecafbc71"
  version = "v1.2.1"

[[projects]]
  name = "github.com/tdewolff/minify"
  packages = [
    ".",
    "xml"
  ]
  revision = "222672169d634c440a73abc47685074e1a9daa60"
  version = "v2.3.4"

[[projects]]
  name = "github.com/tdewolff/parse"
  packages = [
    ".",
    "buffer",
    "strconv",
    "xml"
  ]
  revision = "639f6272aec6b52094db77b9ec488214b0b4b1a1"
  version = "v2.3.2"

[[projects]]
  branch = "master"
  name = "golang.org/x/net"
  packages = [
    "html",
    "html/atom"
  ]
  revision = "d25186b37f34ebdbbea8f488ef055638dfab272d"

[solve-meta]
  analyzer-name = "dep"
  analyzer-version = 1
  inputs-digest = "78f46d5a6420fc1d94a6a090a51936d02657f3312a43391e05c2c081bcd45982"
  solver-name = "gps-cdcl"
  solver-version = 1
